Microsoft Visual Studio Solution File, Format Version 11.00
# Visual C++ Express 2010
Project("{8BC9CEB8-8B4A-11D0-8D11-00A0C91BC942}") = "data", "data\data.vcxproj", "{1A2A54C5-F612-4DCD-988E-99AD798CC9C4}"
EndProject
Project("{8BC9CEB8-8B4A-11D0-8D11-00A0C91BC942}") = "ops", "ops\ops.vcxproj", "{0C30AA3A-B378-4E98-9B5A-4AF77C8FC2FF}"
EndProject
Project("{8BC9CEB8-8B4A-11D0-8D11-00A0C91BC942}") = "io", "io\io.vcxproj", "{310E7D22-6A89-4CAC-B811-6403BC9235B2}"
EndProject
Project("{8BC9CEB8-8B4A-11D0-8D11-00A0C91BC942}") = "mod", "mod\mod.vcxproj", "{BFD95E02-5751-4397-88F7-FE11A556DEC1}"
EndProject
Project("{8BC9CEB8-8B4A-11D0-8D11-00A0C91BC942}") = "db", "db\db.vcxproj", "{839A1E80-76A0-404A-92C0-446D8510D2DD}"
EndProject
Project("{8BC9CEB8-8B4A-11D0-8D11-00A0C91BC942}") = "misc", "misc\misc.vcxproj", "{305EF634-D6B5-4027-9209-3F27A07ECCEA}"
EndProject
Project("{8BC9CEB8-8B4A-11D0-8D11-00A0C91BC942}") = "pcode", "pcode\pcode.vcxproj", "{1C073311-348A-4371-BD53-6C1DD4442A8A}"
EndProject
Project("{8BC9CEB8-8B4A-11D0-8D11-00A0C91BC942}") = "crypt", "crypt\crypt.vcxproj", "{8DAB1A0B-0E0B-4F4C-A7AC-D66AFB341258}"
EndProject
Project("{8BC9CEB8-8B4A-11D0-8D11-00A0C91BC942}") = "ndbm", "ndbm\ndbm.vcxproj", "{AEDE4D47-EB8F-4053-A930-BD795F6B383B}"
EndProject
Project("{8BC9CEB8-8B4A-11D0-8D11-00A0C91BC942}") = "genesis", "genesis\genesis.vcxproj", "{226601C8-C1A9-4088-8C87-3550A9AE71A2}"
	ProjectSection(ProjectDependencies) = postProject
		{BFD95E02-5751-4397-88F7-FE11A556DEC1} = {BFD95E02-5751-4397-88F7-FE11A556DEC1}
		{8DAB1A0B-0E0B-4F4C-A7AC-D66AFB341258} = {8DAB1A0B-0E0B-4F4C-A7AC-D66AFB341258}
		{1C073311-348A-4371-BD53-6C1DD4442A8A} = {1C073311-348A-4371-BD53-6C1DD4442A8A}
		{310E7D22-6A89-4CAC-B811-6403BC9235B2} = {310E7D22-6A89-4CAC-B811-6403BC9235B2}
		{305EF634-D6B5-4027-9209-3F27A07ECCEA} = {305EF634-D6B5-4027-9209-3F27A07ECCEA}
		{0C30AA3A-B378-4E98-9B5A-4AF77C8FC2FF} = {0C30AA3A-B378-4E98-9B5A-4AF77C8FC2FF}
		{AEDE4D47-EB8F-4053-A930-BD795F6B383B} = {AEDE4D47-EB8F-4053-A930-BD795F6B383B}
		{839A1E80-76A0-404A-92C0-446D8510D2DD} = {839A1E80-76A0-404A-92C0-446D8510D2DD}
		{1A2A54C5-F612-4DCD-988E-99AD798CC9C4} = {1A2A54C5-F612-4DCD-988E-99AD798CC9C4}
	EndProjectSection
EndProject
Project("{8BC9CEB8-8B4A-11D0-8D11-00A0C91BC942}") = "coldcc", "coldcc\coldcc.vcxproj", "{36DD0E7B-597E-499C-B2DD-8AA7BFF34198}"
	ProjectSection(ProjectDependencies) = postProject
		{BFD95E02-5751-4397-88F7-FE11A556DEC1} = {BFD95E02-5751-4397-88F7-FE11A556DEC1}
		{8DAB1A0B-0E0B-4F4C-A7AC-D66AFB341258} = {8DAB1A0B-0E0B-4F4C-A7AC-D66AFB341258}
		{1C073311-348A-4371-BD53-6C1DD4442A8A} = {1C073311-348A-4371-BD53-6C1DD4442A8A}
		{310E7D22-6A89-4CAC-B811-6403BC9235B2} = {310E7D22-6A89-4CAC-B811-6403BC9235B2}
		{305EF634-D6B5-4027-9209-3F27A07ECCEA} = {305EF634-D6B5-4027-9209-3F27A07ECCEA}
		{0C30AA3A-B378-4E98-9B5A-4AF77C8FC2FF} = {0C30AA3A-B378-4E98-9B5A-4AF77C8FC2FF}
		{AEDE4D47-EB8F-4053-A930-BD795F6B383B} = {AEDE4D47-EB8F-4053-A930-BD795F6B383B}
		{839A1E80-76A0-404A-92C0-446D8510D2DD} = {839A1E80-76A0-404A-92C0-446D8510D2DD}
		{1A2A54C5-F612-4DCD-988E-99AD798CC9C4} = {1A2A54C5-F612-4DCD-988E-99AD798CC9C4}
	EndProjectSection
EndProject
Global
	GlobalSection(SolutionConfigurationPlatforms) = preSolution
		Debug|Win32 = Debug|Win32
		Release|Win32 = Release|Win32
	EndGlobalSection
	GlobalSection(ProjectConfigurationPlatforms) = postSolution
		{1A2A54C5-F612-4DCD-988E-99AD798CC9C4}.Debug|Win32.ActiveCfg = Debug|Win32
		{1A2A54C5-F612-4DCD-988E-99AD798CC9C4}.Debug|Win32.Build.0 = Debug|Win32
		{1A2A54C5-F612-4DCD-988E-99AD798CC9C4}.Release|Win32.ActiveCfg = Release|Win32
		{1A2A54C5-F612-4DCD-988E-99AD798CC9C4}.Release|Win32.Build.0 = Release|Win32
		{0C30AA3A-B378-4E98-9B5A-4AF77C8FC2FF}.Debug|Win32.ActiveCfg = Debug|Win32
		{0C30AA3A-B378-4E98-9B5A-4AF77C8FC2FF}.Debug|Win32.Build.0 = Debug|Win32
		{0C30AA3A-B378-4E98-9B5A-4AF77C8FC2FF}.Release|Win32.ActiveCfg = Release|Win32
		{0C30AA3A-B378-4E98-9B5A-4AF77C8FC2FF}.Release|Win32.Build.0 = Release|Win32
		{310E7D22-6A89-4CAC-B811-6403BC9235B2}.Debug|Win32.ActiveCfg = Debug|Win32
		{310E7D22-6A89-4CAC-B811-6403BC9235B2}.Debug|Win32.Build.0 = Debug|Win32
		{310E7D22-6A89-4CAC-B811-6403BC9235B2}.Release|Win32.ActiveCfg = Release|Win32
		{310E7D22-6A89-4CAC-B811-6403BC9235B2}.Release|Win32.Build.0 = Release|Win32
		{BFD95E02-5751-4397-88F7-FE11A556DEC1}.Debug|Win32.ActiveCfg = Debug|Win32
		{BFD95E02-5751-4397-88F7-FE11A556DEC1}.Debug|Win32.Build.0 = Debug|Win32
		{BFD95E02-5751-4397-88F7-FE11A556DEC1}.Release|Win32.ActiveCfg = Release|Win32
		{BFD95E02-5751-4397-88F7-FE11A556DEC1}.Release|Win32.Build.0 = Release|Win32
		{839A1E80-76A0-404A-92C0-446D8510D2DD}.Debug|Win32.ActiveCfg = Debug|Win32
		{839A1E80-76A0-404A-92C0-446D8510D2DD}.Debug|Win32.Build.0 = Debug|Win32
		{839A1E80-76A0-404A-92C0-446D8510D2DD}.Release|Win32.ActiveCfg = Release|Win32
		{839A1E80-76A0-404A-92C0-446D8510D2DD}.Release|Win32.Build.0 = Release|Win32
		{305EF634-D6B5-4027-9209-3F27A07ECCEA}.Debug|Win32.ActiveCfg = Debug|Win32
		{305EF634-D6B5-4027-9209-3F27A07ECCEA}.Debug|Win32.Build.0 = Debug|Win32
		{305EF634-D6B5-4027-9209-3F27A07ECCEA}.Release|Win32.ActiveCfg = Release|Win32
		{305EF634-D6B5-4027-9209-3F27A07ECCEA}.Release|Win32.Build.0 = Release|Win32
		{1C073311-348A-4371-BD53-6C1DD4442A8A}.Debug|Win32.ActiveCfg = Debug|Win32
		{1C073311-348A-4371-BD53-6C1DD4442A8A}.Debug|Win32.Build.0 = Debug|Win32
		{1C073311-348A-4371-BD53-6C1DD4442A8A}.Release|Win32.ActiveCfg = Release|Win32
		{1C073311-348A-4371-BD53-6C1DD4442A8A}.Release|Win32.Build.0 = Release|Win32
		{8DAB1A0B-0E0B-4F4C-A7AC-D66AFB341258}.Debug|Win32.ActiveCfg = Debug|Win32
		{8DAB1A0B-0E0B-4F4C-A7AC-D66AFB341258}.Debug|Win32.Build.0 = Debug|Win32
		{8DAB1A0B-0E0B-4F4C-A7AC-D66AFB341258}.Release|Win32.ActiveCfg = Release|Win32
		{8DAB1A0B-0E0B-4F4C-A7AC-D66AFB341258}.Release|Win32.Build.0 = Release|Win32
		{AEDE4D47-EB8F-4053-A930-BD795F6B383B}.Debug|Win32.ActiveCfg = Debug|Win32
		{AEDE4D47-EB8F-4053-A930-BD795F6B383B}.Debug|Win32.Build.0 = Debug|Win32
		{AEDE4D47-EB8F-4053-A930-BD795F6B383B}.Release|Win32.ActiveCfg = Release|Win32
		{AEDE4D47-EB8F-4053-A930-BD795F6B383B}.Release|Win32.Build.0 = Release|Win32
		{226601C8-C1A9-4088-8C87-3550A9AE71A2}.Debug|Win32.ActiveCfg = Debug|Win32
		{226601C8-C1A9-4088-8C87-3550A9AE71A2}.Debug|Win32.Build.0 = Debug|Win32
		{226601C8-C1A9-4088-8C87-3550A9AE71A2}.Release|Win32.ActiveCfg = Release|Win32
		{226601C8-C1A9-4088-8C87-3550A9AE71A2}.Release|Win32.Build.0 = Release|Win32
		{36DD0E7B-597E-499C-B2DD-8AA7BFF34198}.Debug|Win32.ActiveCfg = Debug|Win32
		{36DD0E7B-597E-499C-B2DD-8AA7BFF34198}.Debug|Win32.Build.0 = Debug|Win32
		{36DD0E7B-597E-499C-B2DD-8AA7BFF34198}.Release|Win32.ActiveCfg = Release|Win32
		{36DD0E7B-597E-499C-B2DD-8AA7BFF34198}.Release|Win32.Build.0 = Release|Win32
	EndGlobalSection
	GlobalSection(SolutionProperties) = preSolution
		HideSolutionNode = FALSE
	EndGlobalSection
EndGlobal
